{
  "name": "NodeJs",
  "lockfileVersion": 2,
  "requires": true,
  "packages": {
    "": {
      "dependencies": {
        "simple-is": "^0.2.0"
      }
    },
    "node_modules/simple-is": {
      "version": "0.2.0",
      "resolved": "https://registry.npmjs.org/simple-is/-/simple-is-0.2.0.tgz",
      "integrity": "sha512-GJXhv3r5vdj5tGWO+rcrWgjU2azLB+fb7Ehh3SmZpXE0o4KrrFLti0w4mdDCbR29X/z0Ls20ApjZitlpAXhAeg=="
    }
  },
  "dependencies": {
    "simple-is": {
      "version": "0.2.0",
      "resolved": "https://registry.npmjs.org/simple-is/-/simple-is-0.2.0.tgz",
      "integrity": "sha512-GJXhv3r5vdj5tGWO+rcrWgjU2azLB+fb7Ehh3SmZpXE0o4KrrFLti0w4mdDCbR29X/z0Ls20ApjZitlpAXhAeg=="
    }
  }
}
